
Microsoft Visual Studio Solution File, Format Version 12.00
# Visual Studio 15
VisualStudioVersion = 15.0.27130.2024
MinimumVisualStudioVersion = 10.0.40219.1
Project("{9A19103F-16F7-4668-BE54-9A1E7A4F7556}") = "01.DayOfWeek", "01.DayOfWeek\01.DayOfWeek.csproj", "{7E8E89C3-6A41-4C8D-9CE5-B7515A3EA01B}"
EndProject
Project("{9A19103F-16F7-4668-BE54-9A1E7A4F7556}") = "02.PrintNumbersInReverseOrder", "02.PrintNumbersInReverseOrder\02.PrintNumbersInReverseOrder.csproj", "{6A45FFE3-37E6-4724-846B-9366B77E18E3}"
EndProject
Project("{9A19103F-16F7-4668-BE54-9A1E7A4F7556}") = "03.RoundingNumbers", "03.RoundingNumbers\03.RoundingNumbers.csproj", "{950CE1FF-4E1C-4159-9F94-24E57A68F3A2}"
EndProject
Project("{9A19103F-16F7-4668-BE54-9A1E7A4F7556}") = "04.ReverseArrayOfStrings", "04.ReverseArrayOfStrings\04.ReverseArrayOfStrings.csproj", "{34FC3BBF-20EE-45D3-89CC-4F26543496A5}"
EndProject
Project("{9A19103F-16F7-4668-BE54-9A1E7A4F7556}") = "05.SumEvenNumbers", "05.SumEvenNumbers\05.SumEvenNumbers.csproj", "{7515920B-4170-4473-B10D-81F8982FDF79}"
EndProject
Project("{9A19103F-16F7-4668-BE54-9A1E7A4F7556}") = "06.EvenAndOddSubtraction", "06.EvenAndOddSubtraction\06.EvenAndOddSubtraction.csproj", "{A030DE60-6407-4B35-8793-55C3A30BC7BA}"
EndProject
Project("{9A19103F-16F7-4668-BE54-9A1E7A4F7556}") = "07.EqualArrays", "07.EqualArrays\07.EqualArrays.csproj", "{BC1B129E-E747-4A7D-8336-92765A41DBBD}"
EndProject
Project("{9A19103F-16F7-4668-BE54-9A1E7A4F7556}") = "08.CondenseArrayToNumber", "08.CondenseArrayToNumber\08.CondenseArrayToNumber.csproj", "{CB1FF585-3536-431E-A7F1-C3ED176879A0}"
EndProject
Project("{FAE04EC0-301F-11D3-BF4B-00C04F79EFBC}") = "01.Train", "01.Train\01.Train.csproj", "{A7EFE58D-CC12-4615-B547-F586B1ED84DA}"
EndProject
Project("{FAE04EC0-301F-11D3-BF4B-00C04F79EFBC}") = "02.CommonElements", "02.CommonElements\02.CommonElements.csproj", "{4462A0BC-E9D0-45AA-94E2-029A419F3E60}"
EndProject
Project("{FAE04EC0-301F-11D3-BF4B-00C04F79EFBC}") = "03.ZigZagArrays", "03.ZigZagArrays\03.ZigZagArrays.csproj", "{F1D6ED58-0DE6-443C-8E60-E1A669BEC106}"
EndProject
Project("{FAE04EC0-301F-11D3-BF4B-00C04F79EFBC}") = "04.ArrayRotation", "04.ArrayRotation\04.ArrayRotation.csproj", "{09C977B8-DFCF-48D3-960B-01F24D7DE22E}"
EndProject
Project("{FAE04EC0-301F-11D3-BF4B-00C04F79EFBC}") = "05.TopIntegers", "05.TopIntegers\05.TopIntegers.csproj", "{BB739C03-A84E-425A-AFD3-B4029A7EF5DD}"
EndProject
Project("{FAE04EC0-301F-11D3-BF4B-00C04F79EFBC}") = "06.EqualSums", "06.EqualSums\06.EqualSums.csproj", "{C4116F8D-2351-4FC6-8357-E97EABF60CA9}"
EndProject
Project("{FAE04EC0-301F-11D3-BF4B-00C04F79EFBC}") = "07.MaxSequenceOfEqualElements", "07.MaxSequenceOfEqualElements\07.MaxSequenceOfEqualElements.csproj", "{C5979D78-8E60-47A7-9DC7-236A7AFFE030}"
EndProject
Project("{FAE04EC0-301F-11D3-BF4B-00C04F79EFBC}") = "08.MagicSum", "08.MagicSum\08.MagicSum.csproj", "{3596A46E-41DD-4F62-890C-B1846F56499A}"
EndProject
Project("{FAE04EC0-301F-11D3-BF4B-00C04F79EFBC}") = "09.KaminoFactory", "09.KaminoFactory\09.KaminoFactory.csproj", "{0563BBA9-A609-4F41-A979-23CE31C1441F}"
EndProject
Project("{FAE04EC0-301F-11D3-BF4B-00C04F79EFBC}") = "10.LadyBugs", "10.LadyBugs\10.LadyBugs.csproj", "{72473B8D-2422-4C8E-B221-AF3F194FED73}"
EndProject
Global
	GlobalSection(SolutionConfigurationPlatforms) = preSolution
		Debug|Any CPU = Debug|Any CPU
		Release|Any CPU = Release|Any CPU
	EndGlobalSection
	GlobalSection(ProjectConfigurationPlatforms) = postSolution
		{7E8E89C3-6A41-4C8D-9CE5-B7515A3EA01B}.Debug|Any CPU.ActiveCfg = Debug|Any CPU
		{7E8E89C3-6A41-4C8D-9CE5-B7515A3EA01B}.Debug|Any CPU.Build.0 = Debug|Any CPU
		{7E8E89C3-6A41-4C8D-9CE5-B7515A3EA01B}.Release|Any CPU.ActiveCfg = Release|Any CPU
		{7E8E89C3-6A41-4C8D-9CE5-B7515A3EA01B}.Release|Any CPU.Build.0 = Release|Any CPU
		{6A45FFE3-37E6-4724-846B-9366B77E18E3}.Debug|Any CPU.ActiveCfg = Debug|Any CPU
		{6A45FFE3-37E6-4724-846B-9366B77E18E3}.Debug|Any CPU.Build.0 = Debug|Any CPU
		{6A45FFE3-37E6-4724-846B-9366B77E18E3}.Release|Any CPU.ActiveCfg = Release|Any CPU
		{6A45FFE3-37E6-4724-846B-9366B77E18E3}.Release|Any CPU.Build.0 = Release|Any CPU
		{950CE1FF-4E1C-4159-9F94-24E57A68F3A2}.Debug|Any CPU.ActiveCfg = Debug|Any CPU
		{950CE1FF-4E1C-4159-9F94-24E57A68F3A2}.Debug|Any CPU.Build.0 = Debug|Any CPU
		{950CE1FF-4E1C-4159-9F94-24E57A68F3A2}.Release|Any CPU.ActiveCfg = Release|Any CPU
		{950CE1FF-4E1C-4159-9F94-24E57A68F3A2}.Release|Any CPU.Build.0 = Release|Any CPU
		{34FC3BBF-20EE-45D3-89CC-4F26543496A5}.Debug|Any CPU.ActiveCfg = Debug|Any CPU
		{34FC3BBF-20EE-45D3-89CC-4F26543496A5}.Debug|Any CPU.Build.0 = Debug|Any CPU
		{34FC3BBF-20EE-45D3-89CC-4F26543496A5}.Release|Any CPU.ActiveCfg = Release|Any CPU
		{34FC3BBF-20EE-45D3-89CC-4F26543496A5}.Release|Any CPU.Build.0 = Release|Any CPU
		{7515920B-4170-4473-B10D-81F8982FDF79}.Debug|Any CPU.ActiveCfg = Debug|Any CPU
		{7515920B-4170-4473-B10D-81F8982FDF79}.Debug|Any CPU.Build.0 = Debug|Any CPU
		{7515920B-4170-4473-B10D-81F8982FDF79}.Release|Any CPU.ActiveCfg = Release|Any CPU
		{7515920B-4170-4473-B10D-81F8982FDF79}.Release|Any CPU.Build.0 = Release|Any CPU
		{A030DE60-6407-4B35-8793-55C3A30BC7BA}.Debug|Any CPU.ActiveCfg = Debug|Any CPU
		{A030DE60-6407-4B35-8793-55C3A30BC7BA}.Debug|Any CPU.Build.0 = Debug|Any CPU
		{A030DE60-6407-4B35-8793-55C3A30BC7BA}.Release|Any CPU.ActiveCfg = Release|Any CPU
		{A030DE60-6407-4B35-8793-55C3A30BC7BA}.Release|Any CPU.Build.0 = Release|Any CPU
		{BC1B129E-E747-4A7D-8336-92765A41DBBD}.Debug|Any CPU.ActiveCfg = Debug|Any CPU
		{BC1B129E-E747-4A7D-8336-92765A41DBBD}.Debug|Any CPU.Build.0 = Debug|Any CPU
		{BC1B129E-E747-4A7D-8336-92765A41DBBD}.Release|Any CPU.ActiveCfg = Release|Any CPU
		{BC1B129E-E747-4A7D-8336-92765A41DBBD}.Release|Any CPU.Build.0 = Release|Any CPU
		{CB1FF585-3536-431E-A7F1-C3ED176879A0}.Debug|Any CPU.ActiveCfg = Debug|Any CPU
		{CB1FF585-3536-431E-A7F1-C3ED176879A0}.Debug|Any CPU.Build.0 = Debug|Any CPU
		{CB1FF585-3536-431E-A7F1-C3ED176879A0}.Release|Any CPU.ActiveCfg = Release|Any CPU
		{CB1FF585-3536-431E-A7F1-C3ED176879A0}.Release|Any CPU.Build.0 = Release|Any CPU
		{A7EFE58D-CC12-4615-B547-F586B1ED84DA}.Debug|Any CPU.ActiveCfg = Debug|Any CPU
		{A7EFE58D-CC12-4615-B547-F586B1ED84DA}.Debug|Any CPU.Build.0 = Debug|Any CPU
		{A7EFE58D-CC12-4615-B547-F586B1ED84DA}.Release|Any CPU.ActiveCfg = Release|Any CPU
		{A7EFE58D-CC12-4615-B547-F586B1ED84DA}.Release|Any CPU.Build.0 = Release|Any CPU
		{4462A0BC-E9D0-45AA-94E2-029A419F3E60}.Debug|Any CPU.ActiveCfg = Debug|Any CPU
		{4462A0BC-E9D0-45AA-94E2-029A419F3E60}.Debug|Any CPU.Build.0 = Debug|Any CPU
		{4462A0BC-E9D0-45AA-94E2-029A419F3E60}.Release|Any CPU.ActiveCfg = Release|Any CPU
		{4462A0BC-E9D0-45AA-94E2-029A419F3E60}.Release|Any CPU.Build.0 = Release|Any CPU
		{F1D6ED58-0DE6-443C-8E60-E1A669BEC106}.Debug|Any CPU.ActiveCfg = Debug|Any CPU
		{F1D6ED58-0DE6-443C-8E60-E1A669BEC106}.Debug|Any CPU.Build.0 = Debug|Any CPU
		{F1D6ED58-0DE6-443C-8E60-E1A669BEC106}.Release|Any CPU.ActiveCfg = Release|Any CPU
		{F1D6ED58-0DE6-443C-8E60-E1A669BEC106}.Release|Any CPU.Build.0 = Release|Any CPU
		{09C977B8-DFCF-48D3-960B-01F24D7DE22E}.Debug|Any CPU.ActiveCfg = Debug|Any CPU
		{09C977B8-DFCF-48D3-960B-01F24D7DE22E}.Debug|Any CPU.Build.0 = Debug|Any CPU
		{09C977B8-DFCF-48D3-960B-01F24D7DE22E}.Release|Any CPU.ActiveCfg = Release|Any CPU
		{09C977B8-DFCF-48D3-960B-01F24D7DE22E}.Release|Any CPU.Build.0 = Release|Any CPU
		{BB739C03-A84E-425A-AFD3-B4029A7EF5DD}.Debug|Any CPU.ActiveCfg = Debug|Any CPU
		{BB739C03-A84E-425A-AFD3-B4029A7EF5DD}.Debug|Any CPU.Build.0 = Debug|Any CPU
		{BB739C03-A84E-425A-AFD3-B4029A7EF5DD}.Release|Any CPU.ActiveCfg = Release|Any CPU
		{BB739C03-A84E-425A-AFD3-B4029A7EF5DD}.Release|Any CPU.Build.0 = Release|Any CPU
		{C4116F8D-2351-4FC6-8357-E97EABF60CA9}.Debug|Any CPU.ActiveCfg = Debug|Any CPU
		{C4116F8D-2351-4FC6-8357-E97EABF60CA9}.Debug|Any CPU.Build.0 = Debug|Any CPU
		{C4116F8D-2351-4FC6-8357-E97EABF60CA9}.Release|Any CPU.ActiveCfg = Release|Any CPU
		{C4116F8D-2351-4FC6-8357-E97EABF60CA9}.Release|Any CPU.Build.0 = Release|Any CPU
		{C5979D78-8E60-47A7-9DC7-236A7AFFE030}.Debug|Any CPU.ActiveCfg = Debug|Any CPU
		{C5979D78-8E60-47A7-9DC7-236A7AFFE030}.Debug|Any CPU.Build.0 = Debug|Any CPU
		{C5979D78-8E60-47A7-9DC7-236A7AFFE030}.Release|Any CPU.ActiveCfg = Release|Any CPU
		{C5979D78-8E60-47A7-9DC7-236A7AFFE030}.Release|Any CPU.Build.0 = Release|Any CPU
		{3596A46E-41DD-4F62-890C-B1846F56499A}.Debug|Any CPU.ActiveCfg = Debug|Any CPU
		{3596A46E-41DD-4F62-890C-B1846F56499A}.Debug|Any CPU.Build.0 = Debug|Any CPU
		{3596A46E-41DD-4F62-890C-B1846F56499A}.Release|Any CPU.ActiveCfg = Release|Any CPU
		{3596A46E-41DD-4F62-890C-B1846F56499A}.Release|Any CPU.Build.0 = Release|Any CPU
		{0563BBA9-A609-4F41-A979-23CE31C1441F}.Debug|Any CPU.ActiveCfg = Debug|Any CPU
		{0563BBA9-A609-4F41-A979-23CE31C1441F}.Debug|Any CPU.Build.0 = Debug|Any CPU
		{0563BBA9-A609-4F41-A979-23CE31C1441F}.Release|Any CPU.ActiveCfg = Release|Any CPU
		{0563BBA9-A609-4F41-A979-23CE31C1441F}.Release|Any CPU.Build.0 = Release|Any CPU
		{72473B8D-2422-4C8E-B221-AF3F194FED73}.Debug|Any CPU.ActiveCfg = Debug|Any CPU
		{72473B8D-2422-4C8E-B221-AF3F194FED73}.Debug|Any CPU.Build.0 = Debug|Any CPU
		{72473B8D-2422-4C8E-B221-AF3F194FED73}.Release|Any CPU.ActiveCfg = Release|Any CPU
		{72473B8D-2422-4C8E-B221-AF3F194FED73}.Release|Any CPU.Build.0 = Release|Any CPU
	EndGlobalSection
	GlobalSection(SolutionProperties) = preSolution
		HideSolutionNode = FALSE
	EndGlobalSection
	GlobalSection(ExtensibilityGlobals) = postSolution
		SolutionGuid = {A3EAFA94-54A8-4C67-A8C6-A161AD927F94}
	EndGlobalSection
EndGlobal
