
Microsoft Visual Studio Solution File, Format Version 12.00
# Visual Studio 15
VisualStudioVersion = 15.0.27130.2024
MinimumVisualStudioVersion = 10.0.40219.1
Project("{9A19103F-16F7-4668-BE54-9A1E7A4F7556}") = "01.UniqueUsernames", "01.UniqueUsernames\01.UniqueUsernames.csproj", "{C4DC2D0A-36A4-4F44-86D0-BBA9FF2C0030}"
EndProject
Project("{9A19103F-16F7-4668-BE54-9A1E7A4F7556}") = "02.SetsOfElements", "02.SetsOfElements\02.SetsOfElements.csproj", "{EB8EA7AE-A175-4CDB-A4B1-073467721278}"
EndProject
Project("{9A19103F-16F7-4668-BE54-9A1E7A4F7556}") = "03.PeriodicTable", "03.PeriodicTable\03.PeriodicTable.csproj", "{6C7EB052-9702-47B1-9144-EA67163CB1EC}"
EndProject
Project("{9A19103F-16F7-4668-BE54-9A1E7A4F7556}") = "04.EvenTimes", "04.EvenTimes\04.EvenTimes.csproj", "{1065B053-E113-43D8-8A9A-D52FDB3BF061}"
EndProject
Project("{9A19103F-16F7-4668-BE54-9A1E7A4F7556}") = "05.CountSymbols", "05.CountSymbols\05.CountSymbols.csproj", "{5EF75080-254B-4998-8C20-098C6043CFE6}"
EndProject
Project("{FAE04EC0-301F-11D3-BF4B-00C04F79EFBC}") = "06.Wardrobe", "06.Wardrobe\06.Wardrobe.csproj", "{DE5B5517-6812-4E51-BB72-25386832FB53}"
EndProject
Project("{FAE04EC0-301F-11D3-BF4B-00C04F79EFBC}") = "07.TheV-Logger", "07.TheV-Logger\07.TheV-Logger.csproj", "{A7040101-F5AC-4867-BF87-C74FE67D5A83}"
EndProject
Project("{FAE04EC0-301F-11D3-BF4B-00C04F79EFBC}") = "08.Ranking", "08.Ranking\08.Ranking.csproj", "{B8157C80-3EE7-4518-B2C0-1CCB05278458}"
EndProject
Global
	GlobalSection(SolutionConfigurationPlatforms) = preSolution
		Debug|Any CPU = Debug|Any CPU
		Release|Any CPU = Release|Any CPU
	EndGlobalSection
	GlobalSection(ProjectConfigurationPlatforms) = postSolution
		{C4DC2D0A-36A4-4F44-86D0-BBA9FF2C0030}.Debug|Any CPU.ActiveCfg = Debug|Any CPU
		{C4DC2D0A-36A4-4F44-86D0-BBA9FF2C0030}.Debug|Any CPU.Build.0 = Debug|Any CPU
		{C4DC2D0A-36A4-4F44-86D0-BBA9FF2C0030}.Release|Any CPU.ActiveCfg = Release|Any CPU
		{C4DC2D0A-36A4-4F44-86D0-BBA9FF2C0030}.Release|Any CPU.Build.0 = Release|Any CPU
		{EB8EA7AE-A175-4CDB-A4B1-073467721278}.Debug|Any CPU.ActiveCfg = Debug|Any CPU
		{EB8EA7AE-A175-4CDB-A4B1-073467721278}.Debug|Any CPU.Build.0 = Debug|Any CPU
		{EB8EA7AE-A175-4CDB-A4B1-073467721278}.Release|Any CPU.ActiveCfg = Release|Any CPU
		{EB8EA7AE-A175-4CDB-A4B1-073467721278}.Release|Any CPU.Build.0 = Release|Any CPU
		{6C7EB052-9702-47B1-9144-EA67163CB1EC}.Debug|Any CPU.ActiveCfg = Debug|Any CPU
		{6C7EB052-9702-47B1-9144-EA67163CB1EC}.Debug|Any CPU.Build.0 = Debug|Any CPU
		{6C7EB052-9702-47B1-9144-EA67163CB1EC}.Release|Any CPU.ActiveCfg = Release|Any CPU
		{6C7EB052-9702-47B1-9144-EA67163CB1EC}.Release|Any CPU.Build.0 = Release|Any CPU
		{1065B053-E113-43D8-8A9A-D52FDB3BF061}.Debug|Any CPU.ActiveCfg = Debug|Any CPU
		{1065B053-E113-43D8-8A9A-D52FDB3BF061}.Debug|Any CPU.Build.0 = Debug|Any CPU
		{1065B053-E113-43D8-8A9A-D52FDB3BF061}.Release|Any CPU.ActiveCfg = Release|Any CPU
		{1065B053-E113-43D8-8A9A-D52FDB3BF061}.Release|Any CPU.Build.0 = Release|Any CPU
		{5EF75080-254B-4998-8C20-098C6043CFE6}.Debug|Any CPU.ActiveCfg = Debug|Any CPU
		{5EF75080-254B-4998-8C20-098C6043CFE6}.Debug|Any CPU.Build.0 = Debug|Any CPU
		{5EF75080-254B-4998-8C20-098C6043CFE6}.Release|Any CPU.ActiveCfg = Release|Any CPU
		{5EF75080-254B-4998-8C20-098C6043CFE6}.Release|Any CPU.Build.0 = Release|Any CPU
		{DE5B5517-6812-4E51-BB72-25386832FB53}.Debug|Any CPU.ActiveCfg = Debug|Any CPU
		{DE5B5517-6812-4E51-BB72-25386832FB53}.Debug|Any CPU.Build.0 = Debug|Any CPU
		{DE5B5517-6812-4E51-BB72-25386832FB53}.Release|Any CPU.ActiveCfg = Release|Any CPU
		{DE5B5517-6812-4E51-BB72-25386832FB53}.Release|Any CPU.Build.0 = Release|Any CPU
		{A7040101-F5AC-4867-BF87-C74FE67D5A83}.Debug|Any CPU.ActiveCfg = Debug|Any CPU
		{A7040101-F5AC-4867-BF87-C74FE67D5A83}.Debug|Any CPU.Build.0 = Debug|Any CPU
		{A7040101-F5AC-4867-BF87-C74FE67D5A83}.Release|Any CPU.ActiveCfg = Release|Any CPU
		{A7040101-F5AC-4867-BF87-C74FE67D5A83}.Release|Any CPU.Build.0 = Release|Any CPU
		{B8157C80-3EE7-4518-B2C0-1CCB05278458}.Debug|Any CPU.ActiveCfg = Debug|Any CPU
		{B8157C80-3EE7-4518-B2C0-1CCB05278458}.Debug|Any CPU.Build.0 = Debug|Any CPU
		{B8157C80-3EE7-4518-B2C0-1CCB05278458}.Release|Any CPU.ActiveCfg = Release|Any CPU
		{B8157C80-3EE7-4518-B2C0-1CCB05278458}.Release|Any CPU.Build.0 = Release|Any CPU
	EndGlobalSection
	GlobalSection(SolutionProperties) = preSolution
		HideSolutionNode = FALSE
	EndGlobalSection
	GlobalSection(ExtensibilityGlobals) = postSolution
		SolutionGuid = {11FB5609-3257-4567-A9CF-8429E02396EA}
	EndGlobalSection
EndGlobal
