
Microsoft Visual Studio Solution File, Format Version 12.00
# Visual Studio Version 16
VisualStudioVersion = 16.0.30611.23
MinimumVisualStudioVersion = 10.0.40219.1
Project("{9A19103F-16F7-4668-BE54-9A1E7A4F7556}") = "ClassBoxData", "ClassBoxData\ClassBoxData.csproj", "{3262E62F-2260-4530-B699-D4F1C5F59626}"
EndProject
Project("{9A19103F-16F7-4668-BE54-9A1E7A4F7556}") = "AnimalFarm", "AnimalFarm\AnimalFarm.csproj", "{5961FF4F-5DF4-4074-8A1C-6A49CFC19A29}"
EndProject
Project("{9A19103F-16F7-4668-BE54-9A1E7A4F7556}") = "ShoppingSpree", "ShoppingSpree\ShoppingSpree.csproj", "{9220CC28-ED0C-41F8-8B06-E8E8F31E6AE9}"
EndProject
Project("{FAE04EC0-301F-11D3-BF4B-00C04F79EFBC}") = "PizzaCalories", "PizzaCalories\PizzaCalories.csproj", "{6C835CBE-77FA-4D9F-A53B-79327773FD3C}"
EndProject
Global
	GlobalSection(SolutionConfigurationPlatforms) = preSolution
		Debug|Any CPU = Debug|Any CPU
		Release|Any CPU = Release|Any CPU
	EndGlobalSection
	GlobalSection(ProjectConfigurationPlatforms) = postSolution
		{3262E62F-2260-4530-B699-D4F1C5F59626}.Debug|Any CPU.ActiveCfg = Debug|Any CPU
		{3262E62F-2260-4530-B699-D4F1C5F59626}.Debug|Any CPU.Build.0 = Debug|Any CPU
		{3262E62F-2260-4530-B699-D4F1C5F59626}.Release|Any CPU.ActiveCfg = Release|Any CPU
		{3262E62F-2260-4530-B699-D4F1C5F59626}.Release|Any CPU.Build.0 = Release|Any CPU
		{5961FF4F-5DF4-4074-8A1C-6A49CFC19A29}.Debug|Any CPU.ActiveCfg = Debug|Any CPU
		{5961FF4F-5DF4-4074-8A1C-6A49CFC19A29}.Debug|Any CPU.Build.0 = Debug|Any CPU
		{5961FF4F-5DF4-4074-8A1C-6A49CFC19A29}.Release|Any CPU.ActiveCfg = Release|Any CPU
		{5961FF4F-5DF4-4074-8A1C-6A49CFC19A29}.Release|Any CPU.Build.0 = Release|Any CPU
		{9220CC28-ED0C-41F8-8B06-E8E8F31E6AE9}.Debug|Any CPU.ActiveCfg = Debug|Any CPU
		{9220CC28-ED0C-41F8-8B06-E8E8F31E6AE9}.Debug|Any CPU.Build.0 = Debug|Any CPU
		{9220CC28-ED0C-41F8-8B06-E8E8F31E6AE9}.Release|Any CPU.ActiveCfg = Release|Any CPU
		{9220CC28-ED0C-41F8-8B06-E8E8F31E6AE9}.Release|Any CPU.Build.0 = Release|Any CPU
		{6C835CBE-77FA-4D9F-A53B-79327773FD3C}.Debug|Any CPU.ActiveCfg = Debug|Any CPU
		{6C835CBE-77FA-4D9F-A53B-79327773FD3C}.Debug|Any CPU.Build.0 = Debug|Any CPU
		{6C835CBE-77FA-4D9F-A53B-79327773FD3C}.Release|Any CPU.ActiveCfg = Release|Any CPU
		{6C835CBE-77FA-4D9F-A53B-79327773FD3C}.Release|Any CPU.Build.0 = Release|Any CPU
	EndGlobalSection
	GlobalSection(SolutionProperties) = preSolution
		HideSolutionNode = FALSE
	EndGlobalSection
	GlobalSection(ExtensibilityGlobals) = postSolution
		SolutionGuid = {EB54AE64-60BB-492C-9F69-6ED07619AAE1}
	EndGlobalSection
EndGlobal
