
Microsoft Visual Studio Solution File, Format Version 12.00
# Visual Studio Version 16
VisualStudioVersion = 16.0.30104.148
MinimumVisualStudioVersion = 10.0.40219.1
Project("{9A19103F-16F7-4668-BE54-9A1E7A4F7556}") = "01.Dishwasher", "01.Dishwasher\01.Dishwasher.csproj", "{A9772B25-363B-4ECC-A2DB-21375B139BA9}"
EndProject
Project("{9A19103F-16F7-4668-BE54-9A1E7A4F7556}") = "02.ReportSystem", "02.ReportSystem\02.ReportSystem.csproj", "{1FC18E6B-FCDB-40BC-B436-4106D8EE2931}"
EndProject
Project("{FAE04EC0-301F-11D3-BF4B-00C04F79EFBC}") = "03.StreamOfLetters", "03.StreamOfLetters\03.StreamOfLetters.csproj", "{3E392D25-ADF6-4D91-B858-76A4DA0E4D2F}"
EndProject
Global
	GlobalSection(SolutionConfigurationPlatforms) = preSolution
		Debug|Any CPU = Debug|Any CPU
		Release|Any CPU = Release|Any CPU
	EndGlobalSection
	GlobalSection(ProjectConfigurationPlatforms) = postSolution
		{A9772B25-363B-4ECC-A2DB-21375B139BA9}.Debug|Any CPU.ActiveCfg = Debug|Any CPU
		{A9772B25-363B-4ECC-A2DB-21375B139BA9}.Debug|Any CPU.Build.0 = Debug|Any CPU
		{A9772B25-363B-4ECC-A2DB-21375B139BA9}.Release|Any CPU.ActiveCfg = Release|Any CPU
		{A9772B25-363B-4ECC-A2DB-21375B139BA9}.Release|Any CPU.Build.0 = Release|Any CPU
		{1FC18E6B-FCDB-40BC-B436-4106D8EE2931}.Debug|Any CPU.ActiveCfg = Debug|Any CPU
		{1FC18E6B-FCDB-40BC-B436-4106D8EE2931}.Debug|Any CPU.Build.0 = Debug|Any CPU
		{1FC18E6B-FCDB-40BC-B436-4106D8EE2931}.Release|Any CPU.ActiveCfg = Release|Any CPU
		{1FC18E6B-FCDB-40BC-B436-4106D8EE2931}.Release|Any CPU.Build.0 = Release|Any CPU
		{3E392D25-ADF6-4D91-B858-76A4DA0E4D2F}.Debug|Any CPU.ActiveCfg = Debug|Any CPU
		{3E392D25-ADF6-4D91-B858-76A4DA0E4D2F}.Debug|Any CPU.Build.0 = Debug|Any CPU
		{3E392D25-ADF6-4D91-B858-76A4DA0E4D2F}.Release|Any CPU.ActiveCfg = Release|Any CPU
		{3E392D25-ADF6-4D91-B858-76A4DA0E4D2F}.Release|Any CPU.Build.0 = Release|Any CPU
	EndGlobalSection
	GlobalSection(SolutionProperties) = preSolution
		HideSolutionNode = FALSE
	EndGlobalSection
	GlobalSection(ExtensibilityGlobals) = postSolution
		SolutionGuid = {79A04151-A6EB-4F3A-ADD5-D574A3D9F8E1}
	EndGlobalSection
EndGlobal
