
Microsoft Visual Studio Solution File, Format Version 12.00
# Visual Studio 15
VisualStudioVersion = 15.0.27130.2024
MinimumVisualStudioVersion = 10.0.40219.1
Project("{9A19103F-16F7-4668-BE54-9A1E7A4F7556}") = "01.TheImitationGame", "01.TheImitationGame\01.TheImitationGame.csproj", "{77041B88-9FDA-4E53-AD70-E8DF2DFCDB74}"
EndProject
Project("{9A19103F-16F7-4668-BE54-9A1E7A4F7556}") = "02.AdAstra", "02.AdAstra\02.AdAstra.csproj", "{4F216E23-0116-448B-943F-23108F0290AF}"
EndProject
Project("{FAE04EC0-301F-11D3-BF4B-00C04F79EFBC}") = "03.ThePianist", "03.ThePianist\03.ThePianist.csproj", "{236E1A47-6E85-4207-A623-C395154927FE}"
EndProject
Global
	GlobalSection(SolutionConfigurationPlatforms) = preSolution
		Debug|Any CPU = Debug|Any CPU
		Release|Any CPU = Release|Any CPU
	EndGlobalSection
	GlobalSection(ProjectConfigurationPlatforms) = postSolution
		{77041B88-9FDA-4E53-AD70-E8DF2DFCDB74}.Debug|Any CPU.ActiveCfg = Debug|Any CPU
		{77041B88-9FDA-4E53-AD70-E8DF2DFCDB74}.Debug|Any CPU.Build.0 = Debug|Any CPU
		{77041B88-9FDA-4E53-AD70-E8DF2DFCDB74}.Release|Any CPU.ActiveCfg = Release|Any CPU
		{77041B88-9FDA-4E53-AD70-E8DF2DFCDB74}.Release|Any CPU.Build.0 = Release|Any CPU
		{4F216E23-0116-448B-943F-23108F0290AF}.Debug|Any CPU.ActiveCfg = Debug|Any CPU
		{4F216E23-0116-448B-943F-23108F0290AF}.Debug|Any CPU.Build.0 = Debug|Any CPU
		{4F216E23-0116-448B-943F-23108F0290AF}.Release|Any CPU.ActiveCfg = Release|Any CPU
		{4F216E23-0116-448B-943F-23108F0290AF}.Release|Any CPU.Build.0 = Release|Any CPU
		{236E1A47-6E85-4207-A623-C395154927FE}.Debug|Any CPU.ActiveCfg = Debug|Any CPU
		{236E1A47-6E85-4207-A623-C395154927FE}.Debug|Any CPU.Build.0 = Debug|Any CPU
		{236E1A47-6E85-4207-A623-C395154927FE}.Release|Any CPU.ActiveCfg = Release|Any CPU
		{236E1A47-6E85-4207-A623-C395154927FE}.Release|Any CPU.Build.0 = Release|Any CPU
	EndGlobalSection
	GlobalSection(SolutionProperties) = preSolution
		HideSolutionNode = FALSE
	EndGlobalSection
	GlobalSection(ExtensibilityGlobals) = postSolution
		SolutionGuid = {BCDEF449-FFE2-4BDE-A5A6-CE7F0F2D4C4F}
	EndGlobalSection
EndGlobal
