
Microsoft Visual Studio Solution File, Format Version 12.00
# Visual Studio Version 16
VisualStudioVersion = 16.0.31005.135
MinimumVisualStudioVersion = 10.0.40219.1
Project("{9A19103F-16F7-4668-BE54-9A1E7A4F7556}") = "Person", "Person\Person.csproj", "{45632CE6-B2EB-4E2A-B929-ABFDB5B77A2A}"
EndProject
Project("{9A19103F-16F7-4668-BE54-9A1E7A4F7556}") = "Zoo", "Zoo\Zoo.csproj", "{B988ECC3-5434-45AB-B547-9CDF9A9581B1}"
EndProject
Project("{9A19103F-16F7-4668-BE54-9A1E7A4F7556}") = "PlayersAndMonsters", "PlayersAndMonsters\PlayersAndMonsters.csproj", "{395AB3CF-DA8F-462B-B0D5-C6D3A1306D9C}"
EndProject
Global
	GlobalSection(SolutionConfigurationPlatforms) = preSolution
		Debug|Any CPU = Debug|Any CPU
		Release|Any CPU = Release|Any CPU
	EndGlobalSection
	GlobalSection(ProjectConfigurationPlatforms) = postSolution
		{45632CE6-B2EB-4E2A-B929-ABFDB5B77A2A}.Debug|Any CPU.ActiveCfg = Debug|Any CPU
		{45632CE6-B2EB-4E2A-B929-ABFDB5B77A2A}.Debug|Any CPU.Build.0 = Debug|Any CPU
		{45632CE6-B2EB-4E2A-B929-ABFDB5B77A2A}.Release|Any CPU.ActiveCfg = Release|Any CPU
		{45632CE6-B2EB-4E2A-B929-ABFDB5B77A2A}.Release|Any CPU.Build.0 = Release|Any CPU
		{B988ECC3-5434-45AB-B547-9CDF9A9581B1}.Debug|Any CPU.ActiveCfg = Debug|Any CPU
		{B988ECC3-5434-45AB-B547-9CDF9A9581B1}.Debug|Any CPU.Build.0 = Debug|Any CPU
		{B988ECC3-5434-45AB-B547-9CDF9A9581B1}.Release|Any CPU.ActiveCfg = Release|Any CPU
		{B988ECC3-5434-45AB-B547-9CDF9A9581B1}.Release|Any CPU.Build.0 = Release|Any CPU
		{395AB3CF-DA8F-462B-B0D5-C6D3A1306D9C}.Debug|Any CPU.ActiveCfg = Debug|Any CPU
		{395AB3CF-DA8F-462B-B0D5-C6D3A1306D9C}.Debug|Any CPU.Build.0 = Debug|Any CPU
		{395AB3CF-DA8F-462B-B0D5-C6D3A1306D9C}.Release|Any CPU.ActiveCfg = Release|Any CPU
		{395AB3CF-DA8F-462B-B0D5-C6D3A1306D9C}.Release|Any CPU.Build.0 = Release|Any CPU
	EndGlobalSection
	GlobalSection(SolutionProperties) = preSolution
		HideSolutionNode = FALSE
	EndGlobalSection
	GlobalSection(ExtensibilityGlobals) = postSolution
		SolutionGuid = {F4618344-9E7B-42A8-970B-9712E9A47CF0}
	EndGlobalSection
EndGlobal
