
Microsoft Visual Studio Solution File, Format Version 12.00
# Visual Studio 15
VisualStudioVersion = 15.0.27130.2024
MinimumVisualStudioVersion = 10.0.40219.1
Project("{9A19103F-16F7-4668-BE54-9A1E7A4F7556}") = "01.SumAdjacentEqualNumbers", "01.SumAdjacentEqualNumbers\01.SumAdjacentEqualNumbers.csproj", "{555C02C6-93CF-455E-9D66-1FDEDB8EB4B4}"
EndProject
Project("{9A19103F-16F7-4668-BE54-9A1E7A4F7556}") = "02.GaussTrick", "02.GaussTrick\02.GaussTrick.csproj", "{5ED9B927-5480-4798-9DE9-CCAB48B09EE0}"
EndProject
Project("{9A19103F-16F7-4668-BE54-9A1E7A4F7556}") = "03.MergingLists", "03.MergingLists\03.MergingLists.csproj", "{A87BADE7-9BEE-4364-9329-DF614C8E851C}"
EndProject
Project("{9A19103F-16F7-4668-BE54-9A1E7A4F7556}") = "04.ListOfProducts", "04.ListOfProducts\04.ListOfProducts.csproj", "{432FF52E-8D99-4D27-9BB3-AC0C0E34563A}"
EndProject
Project("{9A19103F-16F7-4668-BE54-9A1E7A4F7556}") = "05.RemoveNegativesAndReverse", "05.RemoveNegativesAndReverse\05.RemoveNegativesAndReverse.csproj", "{B0363D69-40F8-48F7-A204-E4F9270029EB}"
EndProject
Project("{9A19103F-16F7-4668-BE54-9A1E7A4F7556}") = "06.ListManipulationBasics", "6.ListManipulationBasics\06.ListManipulationBasics.csproj", "{5A2D7D3E-ECD3-42FC-BDA7-837A69730F8E}"
EndProject
Project("{9A19103F-16F7-4668-BE54-9A1E7A4F7556}") = "07.ListManipulationAdvanced", "07.ListManipulationAdvanced\07.ListManipulationAdvanced.csproj", "{0CD6FF1C-3D24-4A3B-AC56-4749E2AB30CD}"
EndProject
Project("{9A19103F-16F7-4668-BE54-9A1E7A4F7556}") = "01.Train", "01.Train\01.Train.csproj", "{310F2EED-902D-4ED3-9110-5CAF715E5E94}"
EndProject
Project("{9A19103F-16F7-4668-BE54-9A1E7A4F7556}") = "02.ChangeList", "02.ChangeList\02.ChangeList.csproj", "{3D8E4F6D-E72F-4F3B-B79A-73765170F340}"
EndProject
Project("{9A19103F-16F7-4668-BE54-9A1E7A4F7556}") = "05.HouseParty", "05.HouseParty\05.HouseParty.csproj", "{12F5A571-6923-4BDB-8986-385233C986B9}"
EndProject
Project("{9A19103F-16F7-4668-BE54-9A1E7A4F7556}") = "04.ListOperations", "04.ListOperations\04.ListOperations.csproj", "{0E0ABD1C-55B9-475E-B8D5-60BF2F21B01E}"
EndProject
Project("{9A19103F-16F7-4668-BE54-9A1E7A4F7556}") = "05.BombNumbers", "05.BombNumbers\05.BombNumbers.csproj", "{E332B190-2435-4AE9-B0A0-EE0E0E4438E4}"
EndProject
Project("{9A19103F-16F7-4668-BE54-9A1E7A4F7556}") = "06.CardsGame", "06.CardsGame\06.CardsGame.csproj", "{8F4F2B47-4F30-4F92-9FA4-760D864BD5B5}"
EndProject
Project("{9A19103F-16F7-4668-BE54-9A1E7A4F7556}") = "07.AppendArrays", "07.AppendArrays\07.AppendArrays.csproj", "{59017845-A4C3-47EE-A5AC-87E4109D3EFD}"
EndProject
Project("{9A19103F-16F7-4668-BE54-9A1E7A4F7556}") = "08.AnonymousThreat", "08.AnonymousThreat\08.AnonymousThreat.csproj", "{C9C2E291-44E8-4733-8538-385C07EB2EF2}"
EndProject
Project("{9A19103F-16F7-4668-BE54-9A1E7A4F7556}") = "09.PokemonDontGo", "09.PokemonDontGo\09.PokemonDontGo.csproj", "{B4FE5E89-F894-44EA-96AB-148B496026D7}"
EndProject
Project("{9A19103F-16F7-4668-BE54-9A1E7A4F7556}") = "10.SoftUniCoursePlanning", "10.SoftUniCoursePlanning\10.SoftUniCoursePlanning.csproj", "{F367ACA2-2D5A-49DD-A8F2-56DB9FDCE1E8}"
EndProject
Project("{9A19103F-16F7-4668-BE54-9A1E7A4F7556}") = "01.Messaging", "01.Messaging\01.Messaging.csproj", "{B5C0940B-297F-4874-AC4D-4955B91F0F8C}"
EndProject
Project("{9A19103F-16F7-4668-BE54-9A1E7A4F7556}") = "02.CarRace", "02.CarRace\02.CarRace.csproj", "{8FFB06D9-5348-46CF-99E3-56B5C4081D07}"
EndProject
Project("{9A19103F-16F7-4668-BE54-9A1E7A4F7556}") = "3.TakeOrSkipRope", "3.TakeOrSkipRope\3.TakeOrSkipRope.csproj", "{B470A815-59CA-40C3-A155-EB6A6BCF842F}"
EndProject
Project("{FAE04EC0-301F-11D3-BF4B-00C04F79EFBC}") = "04.MixedUpLists", "04.MixedUpLists\04.MixedUpLists.csproj", "{3F510218-8166-46E3-B44D-60C709BED84D}"
EndProject
Project("{FAE04EC0-301F-11D3-BF4B-00C04F79EFBC}") = "05.DrumSet", "05.DrumSet\05.DrumSet.csproj", "{E9EA0F66-2586-4F31-9BB1-F99018D69270}"
EndProject
Global
	GlobalSection(SolutionConfigurationPlatforms) = preSolution
		Debug|Any CPU = Debug|Any CPU
		Release|Any CPU = Release|Any CPU
	EndGlobalSection
	GlobalSection(ProjectConfigurationPlatforms) = postSolution
		{555C02C6-93CF-455E-9D66-1FDEDB8EB4B4}.Debug|Any CPU.ActiveCfg = Debug|Any CPU
		{555C02C6-93CF-455E-9D66-1FDEDB8EB4B4}.Debug|Any CPU.Build.0 = Debug|Any CPU
		{555C02C6-93CF-455E-9D66-1FDEDB8EB4B4}.Release|Any CPU.ActiveCfg = Release|Any CPU
		{555C02C6-93CF-455E-9D66-1FDEDB8EB4B4}.Release|Any CPU.Build.0 = Release|Any CPU
		{5ED9B927-5480-4798-9DE9-CCAB48B09EE0}.Debug|Any CPU.ActiveCfg = Debug|Any CPU
		{5ED9B927-5480-4798-9DE9-CCAB48B09EE0}.Debug|Any CPU.Build.0 = Debug|Any CPU
		{5ED9B927-5480-4798-9DE9-CCAB48B09EE0}.Release|Any CPU.ActiveCfg = Release|Any CPU
		{5ED9B927-5480-4798-9DE9-CCAB48B09EE0}.Release|Any CPU.Build.0 = Release|Any CPU
		{A87BADE7-9BEE-4364-9329-DF614C8E851C}.Debug|Any CPU.ActiveCfg = Debug|Any CPU
		{A87BADE7-9BEE-4364-9329-DF614C8E851C}.Debug|Any CPU.Build.0 = Debug|Any CPU
		{A87BADE7-9BEE-4364-9329-DF614C8E851C}.Release|Any CPU.ActiveCfg = Release|Any CPU
		{A87BADE7-9BEE-4364-9329-DF614C8E851C}.Release|Any CPU.Build.0 = Release|Any CPU
		{432FF52E-8D99-4D27-9BB3-AC0C0E34563A}.Debug|Any CPU.ActiveCfg = Debug|Any CPU
		{432FF52E-8D99-4D27-9BB3-AC0C0E34563A}.Debug|Any CPU.Build.0 = Debug|Any CPU
		{432FF52E-8D99-4D27-9BB3-AC0C0E34563A}.Release|Any CPU.ActiveCfg = Release|Any CPU
		{432FF52E-8D99-4D27-9BB3-AC0C0E34563A}.Release|Any CPU.Build.0 = Release|Any CPU
		{B0363D69-40F8-48F7-A204-E4F9270029EB}.Debug|Any CPU.ActiveCfg = Debug|Any CPU
		{B0363D69-40F8-48F7-A204-E4F9270029EB}.Debug|Any CPU.Build.0 = Debug|Any CPU
		{B0363D69-40F8-48F7-A204-E4F9270029EB}.Release|Any CPU.ActiveCfg = Release|Any CPU
		{B0363D69-40F8-48F7-A204-E4F9270029EB}.Release|Any CPU.Build.0 = Release|Any CPU
		{5A2D7D3E-ECD3-42FC-BDA7-837A69730F8E}.Debug|Any CPU.ActiveCfg = Debug|Any CPU
		{5A2D7D3E-ECD3-42FC-BDA7-837A69730F8E}.Debug|Any CPU.Build.0 = Debug|Any CPU
		{5A2D7D3E-ECD3-42FC-BDA7-837A69730F8E}.Release|Any CPU.ActiveCfg = Release|Any CPU
		{5A2D7D3E-ECD3-42FC-BDA7-837A69730F8E}.Release|Any CPU.Build.0 = Release|Any CPU
		{0CD6FF1C-3D24-4A3B-AC56-4749E2AB30CD}.Debug|Any CPU.ActiveCfg = Debug|Any CPU
		{0CD6FF1C-3D24-4A3B-AC56-4749E2AB30CD}.Debug|Any CPU.Build.0 = Debug|Any CPU
		{0CD6FF1C-3D24-4A3B-AC56-4749E2AB30CD}.Release|Any CPU.ActiveCfg = Release|Any CPU
		{0CD6FF1C-3D24-4A3B-AC56-4749E2AB30CD}.Release|Any CPU.Build.0 = Release|Any CPU
		{310F2EED-902D-4ED3-9110-5CAF715E5E94}.Debug|Any CPU.ActiveCfg = Debug|Any CPU
		{310F2EED-902D-4ED3-9110-5CAF715E5E94}.Debug|Any CPU.Build.0 = Debug|Any CPU
		{310F2EED-902D-4ED3-9110-5CAF715E5E94}.Release|Any CPU.ActiveCfg = Release|Any CPU
		{310F2EED-902D-4ED3-9110-5CAF715E5E94}.Release|Any CPU.Build.0 = Release|Any CPU
		{3D8E4F6D-E72F-4F3B-B79A-73765170F340}.Debug|Any CPU.ActiveCfg = Debug|Any CPU
		{3D8E4F6D-E72F-4F3B-B79A-73765170F340}.Debug|Any CPU.Build.0 = Debug|Any CPU
		{3D8E4F6D-E72F-4F3B-B79A-73765170F340}.Release|Any CPU.ActiveCfg = Release|Any CPU
		{3D8E4F6D-E72F-4F3B-B79A-73765170F340}.Release|Any CPU.Build.0 = Release|Any CPU
		{12F5A571-6923-4BDB-8986-385233C986B9}.Debug|Any CPU.ActiveCfg = Debug|Any CPU
		{12F5A571-6923-4BDB-8986-385233C986B9}.Debug|Any CPU.Build.0 = Debug|Any CPU
		{12F5A571-6923-4BDB-8986-385233C986B9}.Release|Any CPU.ActiveCfg = Release|Any CPU
		{12F5A571-6923-4BDB-8986-385233C986B9}.Release|Any CPU.Build.0 = Release|Any CPU
		{0E0ABD1C-55B9-475E-B8D5-60BF2F21B01E}.Debug|Any CPU.ActiveCfg = Debug|Any CPU
		{0E0ABD1C-55B9-475E-B8D5-60BF2F21B01E}.Debug|Any CPU.Build.0 = Debug|Any CPU
		{0E0ABD1C-55B9-475E-B8D5-60BF2F21B01E}.Release|Any CPU.ActiveCfg = Release|Any CPU
		{0E0ABD1C-55B9-475E-B8D5-60BF2F21B01E}.Release|Any CPU.Build.0 = Release|Any CPU
		{E332B190-2435-4AE9-B0A0-EE0E0E4438E4}.Debug|Any CPU.ActiveCfg = Debug|Any CPU
		{E332B190-2435-4AE9-B0A0-EE0E0E4438E4}.Debug|Any CPU.Build.0 = Debug|Any CPU
		{E332B190-2435-4AE9-B0A0-EE0E0E4438E4}.Release|Any CPU.ActiveCfg = Release|Any CPU
		{E332B190-2435-4AE9-B0A0-EE0E0E4438E4}.Release|Any CPU.Build.0 = Release|Any CPU
		{8F4F2B47-4F30-4F92-9FA4-760D864BD5B5}.Debug|Any CPU.ActiveCfg = Debug|Any CPU
		{8F4F2B47-4F30-4F92-9FA4-760D864BD5B5}.Debug|Any CPU.Build.0 = Debug|Any CPU
		{8F4F2B47-4F30-4F92-9FA4-760D864BD5B5}.Release|Any CPU.ActiveCfg = Release|Any CPU
		{8F4F2B47-4F30-4F92-9FA4-760D864BD5B5}.Release|Any CPU.Build.0 = Release|Any CPU
		{59017845-A4C3-47EE-A5AC-87E4109D3EFD}.Debug|Any CPU.ActiveCfg = Debug|Any CPU
		{59017845-A4C3-47EE-A5AC-87E4109D3EFD}.Debug|Any CPU.Build.0 = Debug|Any CPU
		{59017845-A4C3-47EE-A5AC-87E4109D3EFD}.Release|Any CPU.ActiveCfg = Release|Any CPU
		{59017845-A4C3-47EE-A5AC-87E4109D3EFD}.Release|Any CPU.Build.0 = Release|Any CPU
		{C9C2E291-44E8-4733-8538-385C07EB2EF2}.Debug|Any CPU.ActiveCfg = Debug|Any CPU
		{C9C2E291-44E8-4733-8538-385C07EB2EF2}.Debug|Any CPU.Build.0 = Debug|Any CPU
		{C9C2E291-44E8-4733-8538-385C07EB2EF2}.Release|Any CPU.ActiveCfg = Release|Any CPU
		{C9C2E291-44E8-4733-8538-385C07EB2EF2}.Release|Any CPU.Build.0 = Release|Any CPU
		{B4FE5E89-F894-44EA-96AB-148B496026D7}.Debug|Any CPU.ActiveCfg = Debug|Any CPU
		{B4FE5E89-F894-44EA-96AB-148B496026D7}.Debug|Any CPU.Build.0 = Debug|Any CPU
		{B4FE5E89-F894-44EA-96AB-148B496026D7}.Release|Any CPU.ActiveCfg = Release|Any CPU
		{B4FE5E89-F894-44EA-96AB-148B496026D7}.Release|Any CPU.Build.0 = Release|Any CPU
		{F367ACA2-2D5A-49DD-A8F2-56DB9FDCE1E8}.Debug|Any CPU.ActiveCfg = Debug|Any CPU
		{F367ACA2-2D5A-49DD-A8F2-56DB9FDCE1E8}.Debug|Any CPU.Build.0 = Debug|Any CPU
		{F367ACA2-2D5A-49DD-A8F2-56DB9FDCE1E8}.Release|Any CPU.ActiveCfg = Release|Any CPU
		{F367ACA2-2D5A-49DD-A8F2-56DB9FDCE1E8}.Release|Any CPU.Build.0 = Release|Any CPU
		{B5C0940B-297F-4874-AC4D-4955B91F0F8C}.Debug|Any CPU.ActiveCfg = Debug|Any CPU
		{B5C0940B-297F-4874-AC4D-4955B91F0F8C}.Debug|Any CPU.Build.0 = Debug|Any CPU
		{B5C0940B-297F-4874-AC4D-4955B91F0F8C}.Release|Any CPU.ActiveCfg = Release|Any CPU
		{B5C0940B-297F-4874-AC4D-4955B91F0F8C}.Release|Any CPU.Build.0 = Release|Any CPU
		{8FFB06D9-5348-46CF-99E3-56B5C4081D07}.Debug|Any CPU.ActiveCfg = Debug|Any CPU
		{8FFB06D9-5348-46CF-99E3-56B5C4081D07}.Debug|Any CPU.Build.0 = Debug|Any CPU
		{8FFB06D9-5348-46CF-99E3-56B5C4081D07}.Release|Any CPU.ActiveCfg = Release|Any CPU
		{8FFB06D9-5348-46CF-99E3-56B5C4081D07}.Release|Any CPU.Build.0 = Release|Any CPU
		{B470A815-59CA-40C3-A155-EB6A6BCF842F}.Debug|Any CPU.ActiveCfg = Debug|Any CPU
		{B470A815-59CA-40C3-A155-EB6A6BCF842F}.Debug|Any CPU.Build.0 = Debug|Any CPU
		{B470A815-59CA-40C3-A155-EB6A6BCF842F}.Release|Any CPU.ActiveCfg = Release|Any CPU
		{B470A815-59CA-40C3-A155-EB6A6BCF842F}.Release|Any CPU.Build.0 = Release|Any CPU
		{3F510218-8166-46E3-B44D-60C709BED84D}.Debug|Any CPU.ActiveCfg = Debug|Any CPU
		{3F510218-8166-46E3-B44D-60C709BED84D}.Debug|Any CPU.Build.0 = Debug|Any CPU
		{3F510218-8166-46E3-B44D-60C709BED84D}.Release|Any CPU.ActiveCfg = Release|Any CPU
		{3F510218-8166-46E3-B44D-60C709BED84D}.Release|Any CPU.Build.0 = Release|Any CPU
		{E9EA0F66-2586-4F31-9BB1-F99018D69270}.Debug|Any CPU.ActiveCfg = Debug|Any CPU
		{E9EA0F66-2586-4F31-9BB1-F99018D69270}.Debug|Any CPU.Build.0 = Debug|Any CPU
		{E9EA0F66-2586-4F31-9BB1-F99018D69270}.Release|Any CPU.ActiveCfg = Release|Any CPU
		{E9EA0F66-2586-4F31-9BB1-F99018D69270}.Release|Any CPU.Build.0 = Release|Any CPU
	EndGlobalSection
	GlobalSection(SolutionProperties) = preSolution
		HideSolutionNode = FALSE
	EndGlobalSection
	GlobalSection(ExtensibilityGlobals) = postSolution
		SolutionGuid = {DE8C372C-F4EF-439A-A7E3-35C75CBEA1AD}
	EndGlobalSection
EndGlobal
