
Microsoft Visual Studio Solution File, Format Version 12.00
# Visual Studio 15
VisualStudioVersion = 15.0.27130.2024
MinimumVisualStudioVersion = 10.0.40219.1
Project("{9A19103F-16F7-4668-BE54-9A1E7A4F7556}") = "01.Change-Bureau", "01.Change Bureau\01.Change-Bureau.csproj", "{BDA1E182-725D-4CC2-B67A-8A05905EB453}"
EndProject
Project("{9A19103F-16F7-4668-BE54-9A1E7A4F7556}") = "01.Supplies-for-School", "02.Supplies-for-School\01.Supplies-for-School.csproj", "{80E187A4-92C7-4C85-8712-103109CEBA9F}"
EndProject
Project("{9A19103F-16F7-4668-BE54-9A1E7A4F7556}") = "02.Cat-Walking", "02.Cat-Walking\02.Cat-Walking.csproj", "{25AA70CF-FE0E-44E2-98EE-EAA975063A14}"
EndProject
Project("{9A19103F-16F7-4668-BE54-9A1E7A4F7556}") = "02.Mountain-Run", "02.Mountain-Run\02.Mountain-Run.csproj", "{A46F06CA-5196-4EA8-A117-F7504FED705B}"
EndProject
Project("{9A19103F-16F7-4668-BE54-9A1E7A4F7556}") = "03.Energy-Booster", "03.Energy-Booster\03.Energy-Booster.csproj", "{90F0FEC0-032F-417A-ADDB-0A2E6A9A63A2}"
EndProject
Project("{FAE04EC0-301F-11D3-BF4B-00C04F79EFBC}") = "03.Fitness-Card", "03.Fitness-Card\03.Fitness-Card.csproj", "{0BC863A7-E614-4F6C-9422-D4C69F78E697}"
EndProject
Global
	GlobalSection(SolutionConfigurationPlatforms) = preSolution
		Debug|Any CPU = Debug|Any CPU
		Release|Any CPU = Release|Any CPU
	EndGlobalSection
	GlobalSection(ProjectConfigurationPlatforms) = postSolution
		{BDA1E182-725D-4CC2-B67A-8A05905EB453}.Debug|Any CPU.ActiveCfg = Debug|Any CPU
		{BDA1E182-725D-4CC2-B67A-8A05905EB453}.Debug|Any CPU.Build.0 = Debug|Any CPU
		{BDA1E182-725D-4CC2-B67A-8A05905EB453}.Release|Any CPU.ActiveCfg = Release|Any CPU
		{BDA1E182-725D-4CC2-B67A-8A05905EB453}.Release|Any CPU.Build.0 = Release|Any CPU
		{80E187A4-92C7-4C85-8712-103109CEBA9F}.Debug|Any CPU.ActiveCfg = Debug|Any CPU
		{80E187A4-92C7-4C85-8712-103109CEBA9F}.Debug|Any CPU.Build.0 = Debug|Any CPU
		{80E187A4-92C7-4C85-8712-103109CEBA9F}.Release|Any CPU.ActiveCfg = Release|Any CPU
		{80E187A4-92C7-4C85-8712-103109CEBA9F}.Release|Any CPU.Build.0 = Release|Any CPU
		{25AA70CF-FE0E-44E2-98EE-EAA975063A14}.Debug|Any CPU.ActiveCfg = Debug|Any CPU
		{25AA70CF-FE0E-44E2-98EE-EAA975063A14}.Debug|Any CPU.Build.0 = Debug|Any CPU
		{25AA70CF-FE0E-44E2-98EE-EAA975063A14}.Release|Any CPU.ActiveCfg = Release|Any CPU
		{25AA70CF-FE0E-44E2-98EE-EAA975063A14}.Release|Any CPU.Build.0 = Release|Any CPU
		{A46F06CA-5196-4EA8-A117-F7504FED705B}.Debug|Any CPU.ActiveCfg = Debug|Any CPU
		{A46F06CA-5196-4EA8-A117-F7504FED705B}.Debug|Any CPU.Build.0 = Debug|Any CPU
		{A46F06CA-5196-4EA8-A117-F7504FED705B}.Release|Any CPU.ActiveCfg = Release|Any CPU
		{A46F06CA-5196-4EA8-A117-F7504FED705B}.Release|Any CPU.Build.0 = Release|Any CPU
		{90F0FEC0-032F-417A-ADDB-0A2E6A9A63A2}.Debug|Any CPU.ActiveCfg = Debug|Any CPU
		{90F0FEC0-032F-417A-ADDB-0A2E6A9A63A2}.Debug|Any CPU.Build.0 = Debug|Any CPU
		{90F0FEC0-032F-417A-ADDB-0A2E6A9A63A2}.Release|Any CPU.ActiveCfg = Release|Any CPU
		{90F0FEC0-032F-417A-ADDB-0A2E6A9A63A2}.Release|Any CPU.Build.0 = Release|Any CPU
		{0BC863A7-E614-4F6C-9422-D4C69F78E697}.Debug|Any CPU.ActiveCfg = Debug|Any CPU
		{0BC863A7-E614-4F6C-9422-D4C69F78E697}.Debug|Any CPU.Build.0 = Debug|Any CPU
		{0BC863A7-E614-4F6C-9422-D4C69F78E697}.Release|Any CPU.ActiveCfg = Release|Any CPU
		{0BC863A7-E614-4F6C-9422-D4C69F78E697}.Release|Any CPU.Build.0 = Release|Any CPU
	EndGlobalSection
	GlobalSection(SolutionProperties) = preSolution
		HideSolutionNode = FALSE
	EndGlobalSection
	GlobalSection(ExtensibilityGlobals) = postSolution
		SolutionGuid = {3F873BF5-5541-44B2-9F7C-16F36926D50B}
	EndGlobalSection
EndGlobal
