
Microsoft Visual Studio Solution File, Format Version 12.00
# Visual Studio 15
VisualStudioVersion = 15.0.27130.2024
MinimumVisualStudioVersion = 10.0.40219.1
Project("{FAE04EC0-301F-11D3-BF4B-00C04F79EFBC}") = "01.Cooking", "01.Cooking\01.Cooking.csproj", "{4F06EF75-4165-4575-9EB9-F03216633F43}"
EndProject
Project("{FAE04EC0-301F-11D3-BF4B-00C04F79EFBC}") = "02.Selling", "02.Selling\02.Selling.csproj", "{0C0222A3-BE5C-45B8-B81F-249C94D7D05D}"
EndProject
Project("{9A19103F-16F7-4668-BE54-9A1E7A4F7556}") = "03.BakeryOpenning", "03.Openning\03.BakeryOpenning.csproj", "{ACC94CF6-524C-41B4-AF48-9231CC7CD456}"
EndProject
Global
	GlobalSection(SolutionConfigurationPlatforms) = preSolution
		Debug|Any CPU = Debug|Any CPU
		Release|Any CPU = Release|Any CPU
	EndGlobalSection
	GlobalSection(ProjectConfigurationPlatforms) = postSolution
		{4F06EF75-4165-4575-9EB9-F03216633F43}.Debug|Any CPU.ActiveCfg = Debug|Any CPU
		{4F06EF75-4165-4575-9EB9-F03216633F43}.Debug|Any CPU.Build.0 = Debug|Any CPU
		{4F06EF75-4165-4575-9EB9-F03216633F43}.Release|Any CPU.ActiveCfg = Release|Any CPU
		{4F06EF75-4165-4575-9EB9-F03216633F43}.Release|Any CPU.Build.0 = Release|Any CPU
		{0C0222A3-BE5C-45B8-B81F-249C94D7D05D}.Debug|Any CPU.ActiveCfg = Debug|Any CPU
		{0C0222A3-BE5C-45B8-B81F-249C94D7D05D}.Debug|Any CPU.Build.0 = Debug|Any CPU
		{0C0222A3-BE5C-45B8-B81F-249C94D7D05D}.Release|Any CPU.ActiveCfg = Release|Any CPU
		{0C0222A3-BE5C-45B8-B81F-249C94D7D05D}.Release|Any CPU.Build.0 = Release|Any CPU
		{ACC94CF6-524C-41B4-AF48-9231CC7CD456}.Debug|Any CPU.ActiveCfg = Debug|Any CPU
		{ACC94CF6-524C-41B4-AF48-9231CC7CD456}.Debug|Any CPU.Build.0 = Debug|Any CPU
		{ACC94CF6-524C-41B4-AF48-9231CC7CD456}.Release|Any CPU.ActiveCfg = Release|Any CPU
		{ACC94CF6-524C-41B4-AF48-9231CC7CD456}.Release|Any CPU.Build.0 = Release|Any CPU
	EndGlobalSection
	GlobalSection(SolutionProperties) = preSolution
		HideSolutionNode = FALSE
	EndGlobalSection
	GlobalSection(ExtensibilityGlobals) = postSolution
		SolutionGuid = {DEB7096B-0E69-4597-9CEB-79B8FD9524B3}
	EndGlobalSection
EndGlobal
