
Microsoft Visual Studio Solution File, Format Version 12.00
# Visual Studio Version 16
VisualStudioVersion = 16.0.30611.23
MinimumVisualStudioVersion = 10.0.40219.1
Project("{9A19103F-16F7-4668-BE54-9A1E7A4F7556}") = "ImplementingCustomList", "ImplementingCustomList\ImplementingCustomList.csproj", "{0EFFD5F3-6B44-4CCC-8EEE-142FF25EB7CC}"
EndProject
Global
	GlobalSection(SolutionConfigurationPlatforms) = preSolution
		Debug|Any CPU = Debug|Any CPU
		Release|Any CPU = Release|Any CPU
	EndGlobalSection
	GlobalSection(ProjectConfigurationPlatforms) = postSolution
		{0EFFD5F3-6B44-4CCC-8EEE-142FF25EB7CC}.Debug|Any CPU.ActiveCfg = Debug|Any CPU
		{0EFFD5F3-6B44-4CCC-8EEE-142FF25EB7CC}.Debug|Any CPU.Build.0 = Debug|Any CPU
		{0EFFD5F3-6B44-4CCC-8EEE-142FF25EB7CC}.Release|Any CPU.ActiveCfg = Release|Any CPU
		{0EFFD5F3-6B44-4CCC-8EEE-142FF25EB7CC}.Release|Any CPU.Build.0 = Release|Any CPU
	EndGlobalSection
	GlobalSection(SolutionProperties) = preSolution
		HideSolutionNode = FALSE
	EndGlobalSection
	GlobalSection(ExtensibilityGlobals) = postSolution
		SolutionGuid = {33A16ACE-8800-4534-B50E-C6BC929FC492}
	EndGlobalSection
EndGlobal
