
Microsoft Visual Studio Solution File, Format Version 12.00
# Visual Studio 15
VisualStudioVersion = 15.0.27130.2024
MinimumVisualStudioVersion = 10.0.40219.1
Project("{9A19103F-16F7-4668-BE54-9A1E7A4F7556}") = "01.ExtractPersonInformation", "01.ExtractPersonInformation\01.ExtractPersonInformation.csproj", "{EFF89478-F82D-4253-9E66-4D3C31D406AE}"
EndProject
Project("{9A19103F-16F7-4668-BE54-9A1E7A4F7556}") = "02.AsciiSumator", "02.AsciiSumator\02.AsciiSumator.csproj", "{AAC5C2DE-BDDD-4C6E-9727-8D7F19D4CE4D}"
EndProject
Project("{9A19103F-16F7-4668-BE54-9A1E7A4F7556}") = "03.TreasureFinder", "03.TreasureFinder\03.TreasureFinder.csproj", "{BAE4DF51-56BD-4A6F-AA97-0854DCDDBB38}"
EndProject
Project("{9A19103F-16F7-4668-BE54-9A1E7A4F7556}") = "04.MorseCodeTranslator", "04.MorseCodeTranslator\04.MorseCodeTranslator.csproj", "{B23295C8-0A3C-465A-8172-8A9B6045BA45}"
EndProject
Project("{9A19103F-16F7-4668-BE54-9A1E7A4F7556}") = "05.HTML", "05.HTML\05.HTML.csproj", "{3E6C7090-2571-45EC-8876-DAF5C2EC1319}"
EndProject
Project("{9A19103F-16F7-4668-BE54-9A1E7A4F7556}") = "01.WinningTicket", "01.WinningTicket\01.WinningTicket.csproj", "{A07C3EFE-1841-4419-AE03-EA3DF0368713}"
EndProject
Project("{9A19103F-16F7-4668-BE54-9A1E7A4F7556}") = "01.WinningTicket_2", "01.WinningTicket_2\01.WinningTicket_2.csproj", "{CBFF17F5-871A-4F84-A060-20E89736E632}"
EndProject
Project("{9A19103F-16F7-4668-BE54-9A1E7A4F7556}") = "02.RageQuit", "02.RageQuit\02.RageQuit.csproj", "{1480E35E-C33C-4A73-AAC2-C8446F5D714F}"
EndProject
Project("{9A19103F-16F7-4668-BE54-9A1E7A4F7556}") = "03.PostOffice", "03.PostOffice\03.PostOffice.csproj", "{071D9D7D-CEDF-49B5-884E-E7F9A2ACD416}"
EndProject
Project("{FAE04EC0-301F-11D3-BF4B-00C04F79EFBC}") = "04.SantasSecretHelper", "04.SantasSecretHelper\04.SantasSecretHelper.csproj", "{2070A4B4-3728-4756-9C4E-C744182C0255}"
EndProject
Global
	GlobalSection(SolutionConfigurationPlatforms) = preSolution
		Debug|Any CPU = Debug|Any CPU
		Release|Any CPU = Release|Any CPU
	EndGlobalSection
	GlobalSection(ProjectConfigurationPlatforms) = postSolution
		{EFF89478-F82D-4253-9E66-4D3C31D406AE}.Debug|Any CPU.ActiveCfg = Debug|Any CPU
		{EFF89478-F82D-4253-9E66-4D3C31D406AE}.Debug|Any CPU.Build.0 = Debug|Any CPU
		{EFF89478-F82D-4253-9E66-4D3C31D406AE}.Release|Any CPU.ActiveCfg = Release|Any CPU
		{EFF89478-F82D-4253-9E66-4D3C31D406AE}.Release|Any CPU.Build.0 = Release|Any CPU
		{AAC5C2DE-BDDD-4C6E-9727-8D7F19D4CE4D}.Debug|Any CPU.ActiveCfg = Debug|Any CPU
		{AAC5C2DE-BDDD-4C6E-9727-8D7F19D4CE4D}.Debug|Any CPU.Build.0 = Debug|Any CPU
		{AAC5C2DE-BDDD-4C6E-9727-8D7F19D4CE4D}.Release|Any CPU.ActiveCfg = Release|Any CPU
		{AAC5C2DE-BDDD-4C6E-9727-8D7F19D4CE4D}.Release|Any CPU.Build.0 = Release|Any CPU
		{BAE4DF51-56BD-4A6F-AA97-0854DCDDBB38}.Debug|Any CPU.ActiveCfg = Debug|Any CPU
		{BAE4DF51-56BD-4A6F-AA97-0854DCDDBB38}.Debug|Any CPU.Build.0 = Debug|Any CPU
		{BAE4DF51-56BD-4A6F-AA97-0854DCDDBB38}.Release|Any CPU.ActiveCfg = Release|Any CPU
		{BAE4DF51-56BD-4A6F-AA97-0854DCDDBB38}.Release|Any CPU.Build.0 = Release|Any CPU
		{B23295C8-0A3C-465A-8172-8A9B6045BA45}.Debug|Any CPU.ActiveCfg = Debug|Any CPU
		{B23295C8-0A3C-465A-8172-8A9B6045BA45}.Debug|Any CPU.Build.0 = Debug|Any CPU
		{B23295C8-0A3C-465A-8172-8A9B6045BA45}.Release|Any CPU.ActiveCfg = Release|Any CPU
		{B23295C8-0A3C-465A-8172-8A9B6045BA45}.Release|Any CPU.Build.0 = Release|Any CPU
		{3E6C7090-2571-45EC-8876-DAF5C2EC1319}.Debug|Any CPU.ActiveCfg = Debug|Any CPU
		{3E6C7090-2571-45EC-8876-DAF5C2EC1319}.Debug|Any CPU.Build.0 = Debug|Any CPU
		{3E6C7090-2571-45EC-8876-DAF5C2EC1319}.Release|Any CPU.ActiveCfg = Release|Any CPU
		{3E6C7090-2571-45EC-8876-DAF5C2EC1319}.Release|Any CPU.Build.0 = Release|Any CPU
		{A07C3EFE-1841-4419-AE03-EA3DF0368713}.Debug|Any CPU.ActiveCfg = Debug|Any CPU
		{A07C3EFE-1841-4419-AE03-EA3DF0368713}.Debug|Any CPU.Build.0 = Debug|Any CPU
		{A07C3EFE-1841-4419-AE03-EA3DF0368713}.Release|Any CPU.ActiveCfg = Release|Any CPU
		{A07C3EFE-1841-4419-AE03-EA3DF0368713}.Release|Any CPU.Build.0 = Release|Any CPU
		{CBFF17F5-871A-4F84-A060-20E89736E632}.Debug|Any CPU.ActiveCfg = Debug|Any CPU
		{CBFF17F5-871A-4F84-A060-20E89736E632}.Debug|Any CPU.Build.0 = Debug|Any CPU
		{CBFF17F5-871A-4F84-A060-20E89736E632}.Release|Any CPU.ActiveCfg = Release|Any CPU
		{CBFF17F5-871A-4F84-A060-20E89736E632}.Release|Any CPU.Build.0 = Release|Any CPU
		{1480E35E-C33C-4A73-AAC2-C8446F5D714F}.Debug|Any CPU.ActiveCfg = Debug|Any CPU
		{1480E35E-C33C-4A73-AAC2-C8446F5D714F}.Debug|Any CPU.Build.0 = Debug|Any CPU
		{1480E35E-C33C-4A73-AAC2-C8446F5D714F}.Release|Any CPU.ActiveCfg = Release|Any CPU
		{1480E35E-C33C-4A73-AAC2-C8446F5D714F}.Release|Any CPU.Build.0 = Release|Any CPU
		{071D9D7D-CEDF-49B5-884E-E7F9A2ACD416}.Debug|Any CPU.ActiveCfg = Debug|Any CPU
		{071D9D7D-CEDF-49B5-884E-E7F9A2ACD416}.Debug|Any CPU.Build.0 = Debug|Any CPU
		{071D9D7D-CEDF-49B5-884E-E7F9A2ACD416}.Release|Any CPU.ActiveCfg = Release|Any CPU
		{071D9D7D-CEDF-49B5-884E-E7F9A2ACD416}.Release|Any CPU.Build.0 = Release|Any CPU
		{2070A4B4-3728-4756-9C4E-C744182C0255}.Debug|Any CPU.ActiveCfg = Debug|Any CPU
		{2070A4B4-3728-4756-9C4E-C744182C0255}.Debug|Any CPU.Build.0 = Debug|Any CPU
		{2070A4B4-3728-4756-9C4E-C744182C0255}.Release|Any CPU.ActiveCfg = Release|Any CPU
		{2070A4B4-3728-4756-9C4E-C744182C0255}.Release|Any CPU.Build.0 = Release|Any CPU
	EndGlobalSection
	GlobalSection(SolutionProperties) = preSolution
		HideSolutionNode = FALSE
	EndGlobalSection
	GlobalSection(ExtensibilityGlobals) = postSolution
		SolutionGuid = {34E580C4-0354-41EA-9B59-ED18E43C0846}
	EndGlobalSection
EndGlobal
