
Microsoft Visual Studio Solution File, Format Version 12.00
# Visual Studio Version 16
VisualStudioVersion = 16.0.30611.23
MinimumVisualStudioVersion = 10.0.40219.1
Project("{9A19103F-16F7-4668-BE54-9A1E7A4F7556}") = "Skeleton", "Skeleton\Skeleton.csproj", "{593C32BF-B01C-4E53-8932-22CF0520C9EC}"
EndProject
Project("{9A19103F-16F7-4668-BE54-9A1E7A4F7556}") = "Skeleton.Tests", "Skeleton.Tests\Skeleton.Tests.csproj", "{59109882-46FB-4F93-8BAA-CE0FF1BEA26A}"
EndProject
Global
	GlobalSection(SolutionConfigurationPlatforms) = preSolution
		Debug|Any CPU = Debug|Any CPU
		Release|Any CPU = Release|Any CPU
	EndGlobalSection
	GlobalSection(ProjectConfigurationPlatforms) = postSolution
		{593C32BF-B01C-4E53-8932-22CF0520C9EC}.Debug|Any CPU.ActiveCfg = Debug|Any CPU
		{593C32BF-B01C-4E53-8932-22CF0520C9EC}.Debug|Any CPU.Build.0 = Debug|Any CPU
		{593C32BF-B01C-4E53-8932-22CF0520C9EC}.Release|Any CPU.ActiveCfg = Release|Any CPU
		{593C32BF-B01C-4E53-8932-22CF0520C9EC}.Release|Any CPU.Build.0 = Release|Any CPU
		{59109882-46FB-4F93-8BAA-CE0FF1BEA26A}.Debug|Any CPU.ActiveCfg = Debug|Any CPU
		{59109882-46FB-4F93-8BAA-CE0FF1BEA26A}.Debug|Any CPU.Build.0 = Debug|Any CPU
		{59109882-46FB-4F93-8BAA-CE0FF1BEA26A}.Release|Any CPU.ActiveCfg = Release|Any CPU
		{59109882-46FB-4F93-8BAA-CE0FF1BEA26A}.Release|Any CPU.Build.0 = Release|Any CPU
	EndGlobalSection
	GlobalSection(SolutionProperties) = preSolution
		HideSolutionNode = FALSE
	EndGlobalSection
	GlobalSection(ExtensibilityGlobals) = postSolution
		SolutionGuid = {FE539995-8036-4565-9177-5912D50DCAD1}
	EndGlobalSection
EndGlobal
