
Microsoft Visual Studio Solution File, Format Version 12.00
# Visual Studio Version 16
VisualStudioVersion = 16.0.30611.23
MinimumVisualStudioVersion = 10.0.40219.1
Project("{FAE04EC0-301F-11D3-BF4B-00C04F79EFBC}") = "01.PasswordReset", "01.PasswordReset\01.PasswordReset.csproj", "{AF56C887-B577-4146-808D-4BCC09775796}"
EndProject
Project("{FAE04EC0-301F-11D3-BF4B-00C04F79EFBC}") = "02.FancyBarcodes", "02.FancyBarcodes\02.FancyBarcodes.csproj", "{3AFA3EEA-13CD-4C9E-9FC1-6E8F8A9181DA}"
EndProject
Project("{FAE04EC0-301F-11D3-BF4B-00C04F79EFBC}") = "03.HeroesOfCodeAndLogic", "03.HeroesOfCodeAndLogic\03.HeroesOfCodeAndLogic.csproj", "{ADD4FDF4-90C2-4C15-8593-CC23A1E42B03}"
EndProject
Global
	GlobalSection(SolutionConfigurationPlatforms) = preSolution
		Debug|Any CPU = Debug|Any CPU
		Release|Any CPU = Release|Any CPU
	EndGlobalSection
	GlobalSection(ProjectConfigurationPlatforms) = postSolution
		{AF56C887-B577-4146-808D-4BCC09775796}.Debug|Any CPU.ActiveCfg = Debug|Any CPU
		{AF56C887-B577-4146-808D-4BCC09775796}.Debug|Any CPU.Build.0 = Debug|Any CPU
		{AF56C887-B577-4146-808D-4BCC09775796}.Release|Any CPU.ActiveCfg = Release|Any CPU
		{AF56C887-B577-4146-808D-4BCC09775796}.Release|Any CPU.Build.0 = Release|Any CPU
		{3AFA3EEA-13CD-4C9E-9FC1-6E8F8A9181DA}.Debug|Any CPU.ActiveCfg = Debug|Any CPU
		{3AFA3EEA-13CD-4C9E-9FC1-6E8F8A9181DA}.Debug|Any CPU.Build.0 = Debug|Any CPU
		{3AFA3EEA-13CD-4C9E-9FC1-6E8F8A9181DA}.Release|Any CPU.ActiveCfg = Release|Any CPU
		{3AFA3EEA-13CD-4C9E-9FC1-6E8F8A9181DA}.Release|Any CPU.Build.0 = Release|Any CPU
		{ADD4FDF4-90C2-4C15-8593-CC23A1E42B03}.Debug|Any CPU.ActiveCfg = Debug|Any CPU
		{ADD4FDF4-90C2-4C15-8593-CC23A1E42B03}.Debug|Any CPU.Build.0 = Debug|Any CPU
		{ADD4FDF4-90C2-4C15-8593-CC23A1E42B03}.Release|Any CPU.ActiveCfg = Release|Any CPU
		{ADD4FDF4-90C2-4C15-8593-CC23A1E42B03}.Release|Any CPU.Build.0 = Release|Any CPU
	EndGlobalSection
	GlobalSection(SolutionProperties) = preSolution
		HideSolutionNode = FALSE
	EndGlobalSection
	GlobalSection(ExtensibilityGlobals) = postSolution
		SolutionGuid = {48F46FA0-2C8A-47F0-926A-8FB64D3ABA60}
	EndGlobalSection
EndGlobal
