
Microsoft Visual Studio Solution File, Format Version 12.00
# Visual Studio Version 16
VisualStudioVersion = 16.0.30611.23
MinimumVisualStudioVersion = 10.0.40219.1
Project("{9A19103F-16F7-4668-BE54-9A1E7A4F7556}") = "01.SumMatrixElements", "01.SumMatrixElements\01.SumMatrixElements.csproj", "{E81AAA26-1E0B-4D58-BA48-B274B898F281}"
EndProject
Project("{9A19103F-16F7-4668-BE54-9A1E7A4F7556}") = "02.SumMatrixColumns", "02.SumMatrixColumns\02.SumMatrixColumns.csproj", "{E366F423-2860-4FD5-946A-517CD359F6F8}"
EndProject
Project("{9A19103F-16F7-4668-BE54-9A1E7A4F7556}") = "03.PrimaryDiagonal", "03.PrimaryDiagonal\03.PrimaryDiagonal.csproj", "{C709389D-5761-4C3A-BC6D-FB21DAC44C52}"
EndProject
Project("{9A19103F-16F7-4668-BE54-9A1E7A4F7556}") = "04.SymbolInMatrix", "04.SymbolInMatrix\04.SymbolInMatrix.csproj", "{0E771E6B-7B49-401F-A61E-F84D342E6414}"
EndProject
Project("{9A19103F-16F7-4668-BE54-9A1E7A4F7556}") = "05.SquareWithMaximumSum", "05.SquareWithMaximumSum\05.SquareWithMaximumSum.csproj", "{A368E1C1-ABA9-4DA9-8AEC-3F9B31B92BBE}"
EndProject
Project("{9A19103F-16F7-4668-BE54-9A1E7A4F7556}") = "06.Jagged-ArrayModification", "06.Jagged-ArrayModification\06.Jagged-ArrayModification.csproj", "{92C1772E-8C65-465D-964E-F72385329C38}"
EndProject
Project("{9A19103F-16F7-4668-BE54-9A1E7A4F7556}") = "07.PascalTriangle", "07.PascalTriangle\07.PascalTriangle.csproj", "{BD4483B3-760E-4E95-9B35-14A2D386996D}"
EndProject
Project("{FAE04EC0-301F-11D3-BF4B-00C04F79EFBC}") = "08.SpiralMatrix", "08.SpiralMatrix\08.SpiralMatrix.csproj", "{1047BC66-5966-4514-B742-693BB8B03366}"
EndProject
Global
	GlobalSection(SolutionConfigurationPlatforms) = preSolution
		Debug|Any CPU = Debug|Any CPU
		Release|Any CPU = Release|Any CPU
	EndGlobalSection
	GlobalSection(ProjectConfigurationPlatforms) = postSolution
		{E81AAA26-1E0B-4D58-BA48-B274B898F281}.Debug|Any CPU.ActiveCfg = Debug|Any CPU
		{E81AAA26-1E0B-4D58-BA48-B274B898F281}.Debug|Any CPU.Build.0 = Debug|Any CPU
		{E81AAA26-1E0B-4D58-BA48-B274B898F281}.Release|Any CPU.ActiveCfg = Release|Any CPU
		{E81AAA26-1E0B-4D58-BA48-B274B898F281}.Release|Any CPU.Build.0 = Release|Any CPU
		{E366F423-2860-4FD5-946A-517CD359F6F8}.Debug|Any CPU.ActiveCfg = Debug|Any CPU
		{E366F423-2860-4FD5-946A-517CD359F6F8}.Debug|Any CPU.Build.0 = Debug|Any CPU
		{E366F423-2860-4FD5-946A-517CD359F6F8}.Release|Any CPU.ActiveCfg = Release|Any CPU
		{E366F423-2860-4FD5-946A-517CD359F6F8}.Release|Any CPU.Build.0 = Release|Any CPU
		{C709389D-5761-4C3A-BC6D-FB21DAC44C52}.Debug|Any CPU.ActiveCfg = Debug|Any CPU
		{C709389D-5761-4C3A-BC6D-FB21DAC44C52}.Debug|Any CPU.Build.0 = Debug|Any CPU
		{C709389D-5761-4C3A-BC6D-FB21DAC44C52}.Release|Any CPU.ActiveCfg = Release|Any CPU
		{C709389D-5761-4C3A-BC6D-FB21DAC44C52}.Release|Any CPU.Build.0 = Release|Any CPU
		{0E771E6B-7B49-401F-A61E-F84D342E6414}.Debug|Any CPU.ActiveCfg = Debug|Any CPU
		{0E771E6B-7B49-401F-A61E-F84D342E6414}.Debug|Any CPU.Build.0 = Debug|Any CPU
		{0E771E6B-7B49-401F-A61E-F84D342E6414}.Release|Any CPU.ActiveCfg = Release|Any CPU
		{0E771E6B-7B49-401F-A61E-F84D342E6414}.Release|Any CPU.Build.0 = Release|Any CPU
		{A368E1C1-ABA9-4DA9-8AEC-3F9B31B92BBE}.Debug|Any CPU.ActiveCfg = Debug|Any CPU
		{A368E1C1-ABA9-4DA9-8AEC-3F9B31B92BBE}.Debug|Any CPU.Build.0 = Debug|Any CPU
		{A368E1C1-ABA9-4DA9-8AEC-3F9B31B92BBE}.Release|Any CPU.ActiveCfg = Release|Any CPU
		{A368E1C1-ABA9-4DA9-8AEC-3F9B31B92BBE}.Release|Any CPU.Build.0 = Release|Any CPU
		{92C1772E-8C65-465D-964E-F72385329C38}.Debug|Any CPU.ActiveCfg = Debug|Any CPU
		{92C1772E-8C65-465D-964E-F72385329C38}.Debug|Any CPU.Build.0 = Debug|Any CPU
		{92C1772E-8C65-465D-964E-F72385329C38}.Release|Any CPU.ActiveCfg = Release|Any CPU
		{92C1772E-8C65-465D-964E-F72385329C38}.Release|Any CPU.Build.0 = Release|Any CPU
		{BD4483B3-760E-4E95-9B35-14A2D386996D}.Debug|Any CPU.ActiveCfg = Debug|Any CPU
		{BD4483B3-760E-4E95-9B35-14A2D386996D}.Debug|Any CPU.Build.0 = Debug|Any CPU
		{BD4483B3-760E-4E95-9B35-14A2D386996D}.Release|Any CPU.ActiveCfg = Release|Any CPU
		{BD4483B3-760E-4E95-9B35-14A2D386996D}.Release|Any CPU.Build.0 = Release|Any CPU
		{1047BC66-5966-4514-B742-693BB8B03366}.Debug|Any CPU.ActiveCfg = Debug|Any CPU
		{1047BC66-5966-4514-B742-693BB8B03366}.Debug|Any CPU.Build.0 = Debug|Any CPU
		{1047BC66-5966-4514-B742-693BB8B03366}.Release|Any CPU.ActiveCfg = Release|Any CPU
		{1047BC66-5966-4514-B742-693BB8B03366}.Release|Any CPU.Build.0 = Release|Any CPU
	EndGlobalSection
	GlobalSection(SolutionProperties) = preSolution
		HideSolutionNode = FALSE
	EndGlobalSection
	GlobalSection(ExtensibilityGlobals) = postSolution
		SolutionGuid = {919EA942-8D12-44AA-A433-906841F0463C}
	EndGlobalSection
EndGlobal
