
Microsoft Visual Studio Solution File, Format Version 12.00
# Visual Studio 15
VisualStudioVersion = 15.0.27130.2024
MinimumVisualStudioVersion = 10.0.40219.1
Project("{FAE04EC0-301F-11D3-BF4B-00C04F79EFBC}") = "01.MatchFullName", "01.MatchFullName\01.MatchFullName.csproj", "{CDEA2A33-2A55-4B60-B4CA-FD0269BE693A}"
EndProject
Project("{FAE04EC0-301F-11D3-BF4B-00C04F79EFBC}") = "02.MatchPhoneNumber", "02.MatchPhoneNumber\02.MatchPhoneNumber.csproj", "{E0C006D9-A6BC-4BF9-ACC8-26C44529B74B}"
EndProject
Project("{FAE04EC0-301F-11D3-BF4B-00C04F79EFBC}") = "03.MatchDates", "03.MatchDates\03.MatchDates.csproj", "{CE8FEC74-AB76-4167-A8F2-0B353FFE64C2}"
EndProject
Global
	GlobalSection(SolutionConfigurationPlatforms) = preSolution
		Debug|Any CPU = Debug|Any CPU
		Release|Any CPU = Release|Any CPU
	EndGlobalSection
	GlobalSection(ProjectConfigurationPlatforms) = postSolution
		{CDEA2A33-2A55-4B60-B4CA-FD0269BE693A}.Debug|Any CPU.ActiveCfg = Debug|Any CPU
		{CDEA2A33-2A55-4B60-B4CA-FD0269BE693A}.Debug|Any CPU.Build.0 = Debug|Any CPU
		{CDEA2A33-2A55-4B60-B4CA-FD0269BE693A}.Release|Any CPU.ActiveCfg = Release|Any CPU
		{CDEA2A33-2A55-4B60-B4CA-FD0269BE693A}.Release|Any CPU.Build.0 = Release|Any CPU
		{E0C006D9-A6BC-4BF9-ACC8-26C44529B74B}.Debug|Any CPU.ActiveCfg = Debug|Any CPU
		{E0C006D9-A6BC-4BF9-ACC8-26C44529B74B}.Debug|Any CPU.Build.0 = Debug|Any CPU
		{E0C006D9-A6BC-4BF9-ACC8-26C44529B74B}.Release|Any CPU.ActiveCfg = Release|Any CPU
		{E0C006D9-A6BC-4BF9-ACC8-26C44529B74B}.Release|Any CPU.Build.0 = Release|Any CPU
		{CE8FEC74-AB76-4167-A8F2-0B353FFE64C2}.Debug|Any CPU.ActiveCfg = Debug|Any CPU
		{CE8FEC74-AB76-4167-A8F2-0B353FFE64C2}.Debug|Any CPU.Build.0 = Debug|Any CPU
		{CE8FEC74-AB76-4167-A8F2-0B353FFE64C2}.Release|Any CPU.ActiveCfg = Release|Any CPU
		{CE8FEC74-AB76-4167-A8F2-0B353FFE64C2}.Release|Any CPU.Build.0 = Release|Any CPU
	EndGlobalSection
	GlobalSection(SolutionProperties) = preSolution
		HideSolutionNode = FALSE
	EndGlobalSection
	GlobalSection(ExtensibilityGlobals) = postSolution
		SolutionGuid = {A2793ACD-8B4E-4FF3-B43E-7F1AADA3A79D}
	EndGlobalSection
EndGlobal
