
Microsoft Visual Studio Solution File, Format Version 12.00
# Visual Studio Version 16
VisualStudioVersion = 16.0.31729.503
MinimumVisualStudioVersion = 10.0.40219.1
Project("{9A19103F-16F7-4668-BE54-9A1E7A4F7556}") = "01.InitialSetup", "01.InitialSetup\01.InitialSetup.csproj", "{0C35076F-4F67-43A8-BE18-16EE84145388}"
EndProject
Project("{9A19103F-16F7-4668-BE54-9A1E7A4F7556}") = "02.VillianNames", "02.VillianNames\02.VillianNames.csproj", "{6D9DFD22-2279-45BD-A19F-996BE02D1909}"
EndProject
Project("{9A19103F-16F7-4668-BE54-9A1E7A4F7556}") = "03.MinionNames", "03.MinionNames\03.MinionNames.csproj", "{9FC5730B-5777-4FE3-84D4-336F408E4D62}"
EndProject
Project("{FAE04EC0-301F-11D3-BF4B-00C04F79EFBC}") = "04.AddMinion", "04.AddMinion\04.AddMinion.csproj", "{89F7E001-7217-47FB-A392-E545AC22C059}"
EndProject
Global
	GlobalSection(SolutionConfigurationPlatforms) = preSolution
		Debug|Any CPU = Debug|Any CPU
		Release|Any CPU = Release|Any CPU
	EndGlobalSection
	GlobalSection(ProjectConfigurationPlatforms) = postSolution
		{0C35076F-4F67-43A8-BE18-16EE84145388}.Debug|Any CPU.ActiveCfg = Debug|Any CPU
		{0C35076F-4F67-43A8-BE18-16EE84145388}.Debug|Any CPU.Build.0 = Debug|Any CPU
		{0C35076F-4F67-43A8-BE18-16EE84145388}.Release|Any CPU.ActiveCfg = Release|Any CPU
		{0C35076F-4F67-43A8-BE18-16EE84145388}.Release|Any CPU.Build.0 = Release|Any CPU
		{6D9DFD22-2279-45BD-A19F-996BE02D1909}.Debug|Any CPU.ActiveCfg = Debug|Any CPU
		{6D9DFD22-2279-45BD-A19F-996BE02D1909}.Debug|Any CPU.Build.0 = Debug|Any CPU
		{6D9DFD22-2279-45BD-A19F-996BE02D1909}.Release|Any CPU.ActiveCfg = Release|Any CPU
		{6D9DFD22-2279-45BD-A19F-996BE02D1909}.Release|Any CPU.Build.0 = Release|Any CPU
		{9FC5730B-5777-4FE3-84D4-336F408E4D62}.Debug|Any CPU.ActiveCfg = Debug|Any CPU
		{9FC5730B-5777-4FE3-84D4-336F408E4D62}.Debug|Any CPU.Build.0 = Debug|Any CPU
		{9FC5730B-5777-4FE3-84D4-336F408E4D62}.Release|Any CPU.ActiveCfg = Release|Any CPU
		{9FC5730B-5777-4FE3-84D4-336F408E4D62}.Release|Any CPU.Build.0 = Release|Any CPU
		{89F7E001-7217-47FB-A392-E545AC22C059}.Debug|Any CPU.ActiveCfg = Debug|Any CPU
		{89F7E001-7217-47FB-A392-E545AC22C059}.Debug|Any CPU.Build.0 = Debug|Any CPU
		{89F7E001-7217-47FB-A392-E545AC22C059}.Release|Any CPU.ActiveCfg = Release|Any CPU
		{89F7E001-7217-47FB-A392-E545AC22C059}.Release|Any CPU.Build.0 = Release|Any CPU
	EndGlobalSection
	GlobalSection(SolutionProperties) = preSolution
		HideSolutionNode = FALSE
	EndGlobalSection
	GlobalSection(ExtensibilityGlobals) = postSolution
		SolutionGuid = {651BE668-E6AB-4CE3-97A8-BA40890D7A6E}
	EndGlobalSection
EndGlobal
