
Microsoft Visual Studio Solution File, Format Version 12.00
# Visual Studio Version 17
VisualStudioVersion = 17.0.32014.148
MinimumVisualStudioVersion = 10.0.40219.1
Project("{FAE04EC0-301F-11D3-BF4B-00C04F79EFBC}") = "Chronometer", "Chronometer\Chronometer.csproj", "{0291FDEB-EEDA-48C7-84E1-705E563C247F}"
EndProject
Global
	GlobalSection(SolutionConfigurationPlatforms) = preSolution
		Debug|Any CPU = Debug|Any CPU
		Release|Any CPU = Release|Any CPU
	EndGlobalSection
	GlobalSection(ProjectConfigurationPlatforms) = postSolution
		{0291FDEB-EEDA-48C7-84E1-705E563C247F}.Debug|Any CPU.ActiveCfg = Debug|Any CPU
		{0291FDEB-EEDA-48C7-84E1-705E563C247F}.Debug|Any CPU.Build.0 = Debug|Any CPU
		{0291FDEB-EEDA-48C7-84E1-705E563C247F}.Release|Any CPU.ActiveCfg = Release|Any CPU
		{0291FDEB-EEDA-48C7-84E1-705E563C247F}.Release|Any CPU.Build.0 = Release|Any CPU
	EndGlobalSection
	GlobalSection(SolutionProperties) = preSolution
		HideSolutionNode = FALSE
	EndGlobalSection
	GlobalSection(ExtensibilityGlobals) = postSolution
		SolutionGuid = {33C80200-907B-4C40-BE6D-B733CB3D64AD}
	EndGlobalSection
EndGlobal
